
Microsoft Visual Studio Solution File, Format Version 12.00
# Visual Studio Version 16
VisualStudioVersion = 16.0.31729.503
MinimumVisualStudioVersion = 10.0.40219.1
Project("{FAE04EC0-301F-11D3-BF4B-00C04F79EFBC}") = "FundamentosLenguaje", "FundamentosLenguaje\FundamentosLenguaje.csproj", "{4F5C57DE-5092-4CA0-9FA6-BDA2C1DBF54D}"
EndProject
Global
	GlobalSection(SolutionConfigurationPlatforms) = preSolution
		Debug|Any CPU = Debug|Any CPU
		Release|Any CPU = Release|Any CPU
	EndGlobalSection
	GlobalSection(ProjectConfigurationPlatforms) = postSolution
		{4F5C57DE-5092-4CA0-9FA6-BDA2C1DBF54D}.Debug|Any CPU.ActiveCfg = Debug|Any CPU
		{4F5C57DE-5092-4CA0-9FA6-BDA2C1DBF54D}.Debug|Any CPU.Build.0 = Debug|Any CPU
		{4F5C57DE-5092-4CA0-9FA6-BDA2C1DBF54D}.Release|Any CPU.ActiveCfg = Release|Any CPU
		{4F5C57DE-5092-4CA0-9FA6-BDA2C1DBF54D}.Release|Any CPU.Build.0 = Release|Any CPU
	EndGlobalSection
	GlobalSection(SolutionProperties) = preSolution
		HideSolutionNode = FALSE
	EndGlobalSection
	GlobalSection(ExtensibilityGlobals) = postSolution
		SolutionGuid = {7EBF310E-6519-42BF-B934-90E448921D1E}
	EndGlobalSection
EndGlobal
